// !$*UTF8*$!
{
	archiveVersion = 1;
	classes = {
	};
	objectVersion = 55;
	objects = {

/* Begin PBXBuildFile section */
		32C31F49281FB39D00212BF1 /* DrugReminder WatchKit App.app in Embed Watch Content */ = {isa = PBXBuildFile; fileRef = 32C31F48281FB39D00212BF1 /* DrugReminder WatchKit App.app */; settings = {ATTRIBUTES = (RemoveHeadersOnCopy, ); }; };
		32C31F4E281FB39E00212BF1 /* Assets.xcassets in Resources */ = {isa = PBXBuildFile; fileRef = 32C31F4D281FB39E00212BF1 /* Assets.xcassets */; };
		32C31F54281FB39E00212BF1 /* DrugReminder WatchKit Extension.appex in Embed App Extensions */ = {isa = PBXBuildFile; fileRef = 32C31F53281FB39E00212BF1 /* DrugReminder WatchKit Extension.appex */; settings = {ATTRIBUTES = (RemoveHeadersOnCopy, ); }; };
		32C31F59281FB39E00212BF1 /* DrugReminderApp.swift in Sources */ = {isa = PBXBuildFile; fileRef = 32C31F58281FB39E00212BF1 /* DrugReminderApp.swift */; };
		32C31F5D281FB39E00212BF1 /* NotificationController.swift in Sources */ = {isa = PBXBuildFile; fileRef = 32C31F5C281FB39E00212BF1 /* NotificationController.swift */; };
		32C31F5F281FB39E00212BF1 /* NotificationView.swift in Sources */ = {isa = PBXBuildFile; fileRef = 32C31F5E281FB39E00212BF1 /* NotificationView.swift */; };
		32C31F61281FB39E00212BF1 /* ComplicationController.swift in Sources */ = {isa = PBXBuildFile; fileRef = 32C31F60281FB39E00212BF1 /* ComplicationController.swift */; };
		32C31F63281FB39E00212BF1 /* Assets.xcassets in Resources */ = {isa = PBXBuildFile; fileRef = 32C31F62281FB39E00212BF1 /* Assets.xcassets */; };
		32C31F66281FB39E00212BF1 /* Preview Assets.xcassets in Resources */ = {isa = PBXBuildFile; fileRef = 32C31F65281FB39E00212BF1 /* Preview Assets.xcassets */; };
		32C31F78281FBB8E00212BF1 /* ListView.swift in Sources */ = {isa = PBXBuildFile; fileRef = 32C31F77281FBB8E00212BF1 /* ListView.swift */; };
		32C31F7A281FCCD900212BF1 /* ListRowView.swift in Sources */ = {isa = PBXBuildFile; fileRef = 32C31F79281FCCD900212BF1 /* ListRowView.swift */; };
		32C31F7C281FDE7B00212BF1 /* AddView.swift in Sources */ = {isa = PBXBuildFile; fileRef = 32C31F7B281FDE7B00212BF1 /* AddView.swift */; };
		32C31F82281FE41100212BF1 /* AlarmModel.swift in Sources */ = {isa = PBXBuildFile; fileRef = 32C31F81281FE41100212BF1 /* AlarmModel.swift */; };
		32EAB6532820042000F836E3 /* TimePicker.swift in Sources */ = {isa = PBXBuildFile; fileRef = 32EAB6522820042000F836E3 /* TimePicker.swift */; };
		32EAB68D2822981700F836E3 /* ListViewModel.swift in Sources */ = {isa = PBXBuildFile; fileRef = 32EAB68C2822981700F836E3 /* ListViewModel.swift */; };
/* End PBXBuildFile section */

/* Begin PBXContainerItemProxy section */
		32C31F4A281FB39D00212BF1 /* PBXContainerItemProxy */ = {
			isa = PBXContainerItemProxy;
			containerPortal = 32C31F3E281FB39C00212BF1 /* Project object */;
			proxyType = 1;
			remoteGlobalIDString = 32C31F47281FB39D00212BF1;
			remoteInfo = "DrugReminder WatchKit App";
		};
		32C31F55281FB39E00212BF1 /* PBXContainerItemProxy */ = {
			isa = PBXContainerItemProxy;
			containerPortal = 32C31F3E281FB39C00212BF1 /* Project object */;
			proxyType = 1;
			remoteGlobalIDString = 32C31F52281FB39E00212BF1;
			remoteInfo = "DrugReminder WatchKit Extension";
		};
/* End PBXContainerItemProxy section */

/* Begin PBXCopyFilesBuildPhase section */
		32C31F6E281FB39E00212BF1 /* Embed App Extensions */ = {
			isa = PBXCopyFilesBuildPhase;
			buildActionMask = 2147483647;
			dstPath = "";
			dstSubfolderSpec = 13;
			files = (
				32C31F54281FB39E00212BF1 /* DrugReminder WatchKit Extension.appex in Embed App Extensions */,
			);
			name = "Embed App Extensions";
			runOnlyForDeploymentPostprocessing = 0;
		};
		32C31F72281FB39E00212BF1 /* Embed Watch Content */ = {
			isa = PBXCopyFilesBuildPhase;
			buildActionMask = 2147483647;
			dstPath = "$(CONTENTS_FOLDER_PATH)/Watch";
			dstSubfolderSpec = 16;
			files = (
				32C31F49281FB39D00212BF1 /* DrugReminder WatchKit App.app in Embed Watch Content */,
			);
			name = "Embed Watch Content";
			runOnlyForDeploymentPostprocessing = 0;
		};
/* End PBXCopyFilesBuildPhase section */

/* Begin PBXFileReference section */
		32C31F44281FB39C00212BF1 /* DrugReminder.app */ = {isa = PBXFileReference; explicitFileType = wrapper.application; includeInIndex = 0; path = DrugReminder.app; sourceTree = BUILT_PRODUCTS_DIR; };
		32C31F48281FB39D00212BF1 /* DrugReminder WatchKit App.app */ = {isa = PBXFileReference; explicitFileType = wrapper.application; includeInIndex = 0; path = "DrugReminder WatchKit App.app"; sourceTree = BUILT_PRODUCTS_DIR; };
		32C31F4D281FB39E00212BF1 /* Assets.xcassets */ = {isa = PBXFileReference; lastKnownFileType = folder.assetcatalog; path = Assets.xcassets; sourceTree = "<group>"; };
		32C31F53281FB39E00212BF1 /* DrugReminder WatchKit Extension.appex */ = {isa = PBXFileReference; explicitFileType = "wrapper.app-extension"; includeInIndex = 0; path = "DrugReminder WatchKit Extension.appex"; sourceTree = BUILT_PRODUCTS_DIR; };
		32C31F58281FB39E00212BF1 /* DrugReminderApp.swift */ = {isa = PBXFileReference; lastKnownFileType = sourcecode.swift; path = DrugReminderApp.swift; sourceTree = "<group>"; };
		32C31F5C281FB39E00212BF1 /* NotificationController.swift */ = {isa = PBXFileReference; lastKnownFileType = sourcecode.swift; path = NotificationController.swift; sourceTree = "<group>"; };
		32C31F5E281FB39E00212BF1 /* NotificationView.swift */ = {isa = PBXFileReference; lastKnownFileType = sourcecode.swift; path = NotificationView.swift; sourceTree = "<group>"; };
		32C31F60281FB39E00212BF1 /* ComplicationController.swift */ = {isa = PBXFileReference; lastKnownFileType = sourcecode.swift; path = ComplicationController.swift; sourceTree = "<group>"; };
		32C31F62281FB39E00212BF1 /* Assets.xcassets */ = {isa = PBXFileReference; lastKnownFileType = folder.assetcatalog; path = Assets.xcassets; sourceTree = "<group>"; };
		32C31F65281FB39E00212BF1 /* Preview Assets.xcassets */ = {isa = PBXFileReference; lastKnownFileType = folder.assetcatalog; path = "Preview Assets.xcassets"; sourceTree = "<group>"; };
		32C31F67281FB39E00212BF1 /* Info.plist */ = {isa = PBXFileReference; lastKnownFileType = text.plist.xml; path = Info.plist; sourceTree = "<group>"; };
		32C31F68281FB39E00212BF1 /* PushNotificationPayload.apns */ = {isa = PBXFileReference; lastKnownFileType = text; path = PushNotificationPayload.apns; sourceTree = "<group>"; };
		32C31F77281FBB8E00212BF1 /* ListView.swift */ = {isa = PBXFileReference; lastKnownFileType = sourcecode.swift; path = ListView.swift; sourceTree = "<group>"; };
		32C31F79281FCCD900212BF1 /* ListRowView.swift */ = {isa = PBXFileReference; lastKnownFileType = sourcecode.swift; path = ListRowView.swift; sourceTree = "<group>"; };
		32C31F7B281FDE7B00212BF1 /* AddView.swift */ = {isa = PBXFileReference; lastKnownFileType = sourcecode.swift; path = AddView.swift; sourceTree = "<group>"; };
		32C31F81281FE41100212BF1 /* AlarmModel.swift */ = {isa = PBXFileReference; lastKnownFileType = sourcecode.swift; path = AlarmModel.swift; sourceTree = "<group>"; };
		32EAB6522820042000F836E3 /* TimePicker.swift */ = {isa = PBXFileReference; lastKnownFileType = sourcecode.swift; path = TimePicker.swift; sourceTree = "<group>"; };
		32EAB68C2822981700F836E3 /* ListViewModel.swift */ = {isa = PBXFileReference; lastKnownFileType = sourcecode.swift; path = ListViewModel.swift; sourceTree = "<group>"; };
/* End PBXFileReference section */

/* Begin PBXFrameworksBuildPhase section */
		32C31F50281FB39E00212BF1 /* Frameworks */ = {
			isa = PBXFrameworksBuildPhase;
			buildActionMask = 2147483647;
			files = (
			);
			runOnlyForDeploymentPostprocessing = 0;
		};
/* End PBXFrameworksBuildPhase section */

/* Begin PBXGroup section */
		32C31F3D281FB39C00212BF1 = {
			isa = PBXGroup;
			children = (
				32C31F4C281FB39D00212BF1 /* DrugReminder WatchKit App */,
				32C31F57281FB39E00212BF1 /* DrugReminder WatchKit Extension */,
				32C31F45281FB39C00212BF1 /* Products */,
			);
			sourceTree = "<group>";
		};
		32C31F45281FB39C00212BF1 /* Products */ = {
			isa = PBXGroup;
			children = (
				32C31F44281FB39C00212BF1 /* DrugReminder.app */,
				32C31F48281FB39D00212BF1 /* DrugReminder WatchKit App.app */,
				32C31F53281FB39E00212BF1 /* DrugReminder WatchKit Extension.appex */,
			);
			name = Products;
			sourceTree = "<group>";
		};
		32C31F4C281FB39D00212BF1 /* DrugReminder WatchKit App */ = {
			isa = PBXGroup;
			children = (
				32C31F4D281FB39E00212BF1 /* Assets.xcassets */,
			);
			path = "DrugReminder WatchKit App";
			sourceTree = "<group>";
		};
		32C31F57281FB39E00212BF1 /* DrugReminder WatchKit Extension */ = {
			isa = PBXGroup;
			children = (
				32C31F58281FB39E00212BF1 /* DrugReminderApp.swift */,
				32C31F5C281FB39E00212BF1 /* NotificationController.swift */,
				32C31F7E281FE37A00212BF1 /* Models */,
				32EAB68B282297E300F836E3 /* ViewModels */,
				32C31F76281FBB6D00212BF1 /* Views */,
				32C31F5E281FB39E00212BF1 /* NotificationView.swift */,
				32C31F60281FB39E00212BF1 /* ComplicationController.swift */,
				32C31F62281FB39E00212BF1 /* Assets.xcassets */,
				32C31F67281FB39E00212BF1 /* Info.plist */,
				32C31F68281FB39E00212BF1 /* PushNotificationPayload.apns */,
				32C31F64281FB39E00212BF1 /* Preview Content */,
			);
			path = "DrugReminder WatchKit Extension";
			sourceTree = "<group>";
		};
		32C31F64281FB39E00212BF1 /* Preview Content */ = {
			isa = PBXGroup;
			children = (
				32C31F65281FB39E00212BF1 /* Preview Assets.xcassets */,
			);
			path = "Preview Content";
			sourceTree = "<group>";
		};
		32C31F76281FBB6D00212BF1 /* Views */ = {
			isa = PBXGroup;
			children = (
				32C31F77281FBB8E00212BF1 /* ListView.swift */,
				32C31F79281FCCD900212BF1 /* ListRowView.swift */,
				32C31F7B281FDE7B00212BF1 /* AddView.swift */,
				32EAB6522820042000F836E3 /* TimePicker.swift */,
			);
			path = Views;
			sourceTree = "<group>";
		};
		32C31F7E281FE37A00212BF1 /* Models */ = {
			isa = PBXGroup;
			children = (
				32C31F81281FE41100212BF1 /* AlarmModel.swift */,
			);
			path = Models;
			sourceTree = "<group>";
		};
		32EAB68B282297E300F836E3 /* ViewModels */ = {
			isa = PBXGroup;
			children = (
				32EAB68C2822981700F836E3 /* ListViewModel.swift */,
			);
			path = ViewModels;
			sourceTree = "<group>";
		};
/* End PBXGroup section */

/* Begin PBXNativeTarget section */
		32C31F43281FB39C00212BF1 /* DrugReminder */ = {
			isa = PBXNativeTarget;
			buildConfigurationList = 32C31F73281FB39E00212BF1 /* Build configuration list for PBXNativeTarget "DrugReminder" */;
			buildPhases = (
				32C31F42281FB39C00212BF1 /* Resources */,
				32C31F72281FB39E00212BF1 /* Embed Watch Content */,
			);
			buildRules = (
			);
			dependencies = (
				32C31F4B281FB39D00212BF1 /* PBXTargetDependency */,
			);
			name = DrugReminder;
			packageProductDependencies = (
			);
			productName = DrugReminder;
			productReference = 32C31F44281FB39C00212BF1 /* DrugReminder.app */;
			productType = "com.apple.product-type.application.watchapp2-container";
		};
		32C31F47281FB39D00212BF1 /* DrugReminder WatchKit App */ = {
			isa = PBXNativeTarget;
			buildConfigurationList = 32C31F6F281FB39E00212BF1 /* Build configuration list for PBXNativeTarget "DrugReminder WatchKit App" */;
			buildPhases = (
				32C31F46281FB39D00212BF1 /* Resources */,
				32C31F6E281FB39E00212BF1 /* Embed App Extensions */,
			);
			buildRules = (
			);
			dependencies = (
				32C31F56281FB39E00212BF1 /* PBXTargetDependency */,
			);
			name = "DrugReminder WatchKit App";
			productName = "DrugReminder WatchKit App";
			productReference = 32C31F48281FB39D00212BF1 /* DrugReminder WatchKit App.app */;
			productType = "com.apple.product-type.application.watchapp2";
		};
		32C31F52281FB39E00212BF1 /* DrugReminder WatchKit Extension */ = {
			isa = PBXNativeTarget;
			buildConfigurationList = 32C31F6B281FB39E00212BF1 /* Build configuration list for PBXNativeTarget "DrugReminder WatchKit Extension" */;
			buildPhases = (
				32C31F4F281FB39E00212BF1 /* Sources */,
				32C31F50281FB39E00212BF1 /* Frameworks */,
				32C31F51281FB39E00212BF1 /* Resources */,
			);
			buildRules = (
			);
			dependencies = (
			);
			name = "DrugReminder WatchKit Extension";
			productName = "DrugReminder WatchKit Extension";
			productReference = 32C31F53281FB39E00212BF1 /* DrugReminder WatchKit Extension.appex */;
			productType = "com.apple.product-type.watchkit2-extension";
		};
/* End PBXNativeTarget section */

/* Begin PBXProject section */
		32C31F3E281FB39C00212BF1 /* Project object */ = {
			isa = PBXProject;
			attributes = {
				BuildIndependentTargetsInParallel = 1;
				LastSwiftUpdateCheck = 1330;
				LastUpgradeCheck = 1330;
				TargetAttributes = {
					32C31F43281FB39C00212BF1 = {
						CreatedOnToolsVersion = 13.3.1;
					};
					32C31F47281FB39D00212BF1 = {
						CreatedOnToolsVersion = 13.3.1;
					};
					32C31F52281FB39E00212BF1 = {
						CreatedOnToolsVersion = 13.3.1;
					};
				};
			};
			buildConfigurationList = 32C31F41281FB39C00212BF1 /* Build configuration list for PBXProject "DrugReminder" */;
			compatibilityVersion = "Xcode 13.0";
			developmentRegion = en;
			hasScannedForEncodings = 0;
			knownRegions = (
				en,
				Base,
			);
			mainGroup = 32C31F3D281FB39C00212BF1;
			packageReferences = (
			);
			productRefGroup = 32C31F45281FB39C00212BF1 /* Products */;
			projectDirPath = "";
			projectRoot = "";
			targets = (
				32C31F43281FB39C00212BF1 /* DrugReminder */,
				32C31F47281FB39D00212BF1 /* DrugReminder WatchKit App */,
				32C31F52281FB39E00212BF1 /* DrugReminder WatchKit Extension */,
			);
		};
/* End PBXProject section */

/* Begin PBXResourcesBuildPhase section */
		32C31F42281FB39C00212BF1 /* Resources */ = {
			isa = PBXResourcesBuildPhase;
			buildActionMask = 2147483647;
			files = (
			);
			runOnlyForDeploymentPostprocessing = 0;
		};
		32C31F46281FB39D00212BF1 /* Resources */ = {
			isa = PBXResourcesBuildPhase;
			buildActionMask = 2147483647;
			files = (
				32C31F4E281FB39E00212BF1 /* Assets.xcassets in Resources */,
			);
			runOnlyForDeploymentPostprocessing = 0;
		};
		32C31F51281FB39E00212BF1 /* Resources */ = {
			isa = PBXResourcesBuildPhase;
			buildActionMask = 2147483647;
			files = (
				32C31F66281FB39E00212BF1 /* Preview Assets.xcassets in Resources */,
				32C31F63281FB39E00212BF1 /* Assets.xcassets in Resources */,
			);
			runOnlyForDeploymentPostprocessing = 0;
		};
/* End PBXResourcesBuildPhase section */

/* Begin PBXSourcesBuildPhase section */
		32C31F4F281FB39E00212BF1 /* Sources */ = {
			isa = PBXSourcesBuildPhase;
			buildActionMask = 2147483647;
			files = (
				32EAB68D2822981700F836E3 /* ListViewModel.swift in Sources */,
				32C31F7C281FDE7B00212BF1 /* AddView.swift in Sources */,
				32C31F82281FE41100212BF1 /* AlarmModel.swift in Sources */,
				32C31F5D281FB39E00212BF1 /* NotificationController.swift in Sources */,
				32EAB6532820042000F836E3 /* TimePicker.swift in Sources */,
				32C31F78281FBB8E00212BF1 /* ListView.swift in Sources */,
				32C31F61281FB39E00212BF1 /* ComplicationController.swift in Sources */,
				32C31F59281FB39E00212BF1 /* DrugReminderApp.swift in Sources */,
				32C31F5F281FB39E00212BF1 /* NotificationView.swift in Sources */,
				32C31F7A281FCCD900212BF1 /* ListRowView.swift in Sources */,
			);
			runOnlyForDeploymentPostprocessing = 0;
		};
/* End PBXSourcesBuildPhase section */

/* Begin PBXTargetDependency section */
		32C31F4B281FB39D00212BF1 /* PBXTargetDependency */ = {
			isa = PBXTargetDependency;
			target = 32C31F47281FB39D00212BF1 /* DrugReminder WatchKit App */;
			targetProxy = 32C31F4A281FB39D00212BF1 /* PBXContainerItemProxy */;
		};
		32C31F56281FB39E00212BF1 /* PBXTargetDependency */ = {
			isa = PBXTargetDependency;
			target = 32C31F52281FB39E00212BF1 /* DrugReminder WatchKit Extension */;
			targetProxy = 32C31F55281FB39E00212BF1 /* PBXContainerItemProxy */;
		};
/* End PBXTargetDependency section */

/* Begin XCBuildConfiguration section */
		32C31F69281FB39E00212BF1 /* Debug */ = {
			isa = XCBuildConfiguration;
			buildSettings = {
				ALWAYS_SEARCH_USER_PATHS = NO;
				CLANG_ANALYZER_NONNULL = YES;
				CLANG_ANALYZER_NUMBER_OBJECT_CONVERSION = YES_AGGRESSIVE;
				CLANG_CXX_LANGUAGE_STANDARD = "gnu++17";
				CLANG_ENABLE_MODULES = YES;
				CLANG_ENABLE_OBJC_ARC = YES;
				CLANG_ENABLE_OBJC_WEAK = YES;
				CLANG_WARN_BLOCK_CAPTURE_AUTORELEASING = YES;
				CLANG_WARN_BOOL_CONVERSION = YES;
				CLANG_WARN_COMMA = YES;
				CLANG_WARN_CONSTANT_CONVERSION = YES;
				CLANG_WARN_DEPRECATED_OBJC_IMPLEMENTATIONS = YES;
				CLANG_WARN_DIRECT_OBJC_ISA_USAGE = YES_ERROR;
				CLANG_WARN_DOCUMENTATION_COMMENTS = YES;
				CLANG_WARN_EMPTY_BODY = YES;
				CLANG_WARN_ENUM_CONVERSION = YES;
				CLANG_WARN_INFINITE_RECURSION = YES;
				CLANG_WARN_INT_CONVERSION = YES;
				CLANG_WARN_NON_LITERAL_NULL_CONVERSION = YES;
				CLANG_WARN_OBJC_IMPLICIT_RETAIN_SELF = YES;
				CLANG_WARN_OBJC_LITERAL_CONVERSION = YES;
				CLANG_WARN_OBJC_ROOT_CLASS = YES_ERROR;
				CLANG_WARN_QUOTED_INCLUDE_IN_FRAMEWORK_HEADER = YES;
				CLANG_WARN_RANGE_LOOP_ANALYSIS = YES;
				CLANG_WARN_STRICT_PROTOTYPES = YES;
				CLANG_WARN_SUSPICIOUS_MOVE = YES;
				CLANG_WARN_UNGUARDED_AVAILABILITY = YES_AGGRESSIVE;
				CLANG_WARN_UNREACHABLE_CODE = YES;
				CLANG_WARN__DUPLICATE_METHOD_MATCH = YES;
				COPY_PHASE_STRIP = NO;
				DEBUG_INFORMATION_FORMAT = dwarf;
				ENABLE_STRICT_OBJC_MSGSEND = YES;
				ENABLE_TESTABILITY = YES;
				GCC_C_LANGUAGE_STANDARD = gnu11;
				GCC_DYNAMIC_NO_PIC = NO;
				GCC_NO_COMMON_BLOCKS = YES;
				GCC_OPTIMIZATION_LEVEL = 0;
				GCC_PREPROCESSOR_DEFINITIONS = (
					"DEBUG=1",
					"$(inherited)",
				);
				GCC_WARN_64_TO_32_BIT_CONVERSION = YES;
				GCC_WARN_ABOUT_RETURN_TYPE = YES_ERROR;
				GCC_WARN_UNDECLARED_SELECTOR = YES;
				GCC_WARN_UNINITIALIZED_AUTOS = YES_AGGRESSIVE;
				GCC_WARN_UNUSED_FUNCTION = YES;
				GCC_WARN_UNUSED_VARIABLE = YES;
				MTL_ENABLE_DEBUG_INFO = INCLUDE_SOURCE;
				MTL_FAST_MATH = YES;
				ONLY_ACTIVE_ARCH = YES;
				SDKROOT = iphoneos;
				SWIFT_ACTIVE_COMPILATION_CONDITIONS = DEBUG;
				SWIFT_OPTIMIZATION_LEVEL = "-Onone";
			};
			name = Debug;
		};
		32C31F6A281FB39E00212BF1 /* Release */ = {
			isa = XCBuildConfiguration;
			buildSettings = {
				ALWAYS_SEARCH_USER_PATHS = NO;
				CLANG_ANALYZER_NONNULL = YES;
				CLANG_ANALYZER_NUMBER_OBJECT_CONVERSION = YES_AGGRESSIVE;
				CLANG_CXX_LANGUAGE_STANDARD = "gnu++17";
				CLANG_ENABLE_MODULES = YES;
				CLANG_ENABLE_OBJC_ARC = YES;
				CLANG_ENABLE_OBJC_WEAK = YES;
				CLANG_WARN_BLOCK_CAPTURE_AUTORELEASING = YES;
				CLANG_WARN_BOOL_CONVERSION = YES;
				CLANG_WARN_COMMA = YES;
				CLANG_WARN_CONSTANT_CONVERSION = YES;
				CLANG_WARN_DEPRECATED_OBJC_IMPLEMENTATIONS = YES;
				CLANG_WARN_DIRECT_OBJC_ISA_USAGE = YES_ERROR;
				CLANG_WARN_DOCUMENTATION_COMMENTS = YES;
				CLANG_WARN_EMPTY_BODY = YES;
				CLANG_WARN_ENUM_CONVERSION = YES;
				CLANG_WARN_INFINITE_RECURSION = YES;
				CLANG_WARN_INT_CONVERSION = YES;
				CLANG_WARN_NON_LITERAL_NULL_CONVERSION = YES;
				CLANG_WARN_OBJC_IMPLICIT_RETAIN_SELF = YES;
				CLANG_WARN_OBJC_LITERAL_CONVERSION = YES;
				CLANG_WARN_OBJC_ROOT_CLASS = YES_ERROR;
				CLANG_WARN_QUOTED_INCLUDE_IN_FRAMEWORK_HEADER = YES;
				CLANG_WARN_RANGE_LOOP_ANALYSIS = YES;
				CLANG_WARN_STRICT_PROTOTYPES = YES;
				CLANG_WARN_SUSPICIOUS_MOVE = YES;
				CLANG_WARN_UNGUARDED_AVAILABILITY = YES_AGGRESSIVE;
				CLANG_WARN_UNREACHABLE_CODE = YES;
				CLANG_WARN__DUPLICATE_METHOD_MATCH = YES;
				COPY_PHASE_STRIP = NO;
				DEBUG_INFORMATION_FORMAT = "dwarf-with-dsym";
				ENABLE_NS_ASSERTIONS = NO;
				ENABLE_STRICT_OBJC_MSGSEND = YES;
				GCC_C_LANGUAGE_STANDARD = gnu11;
				GCC_NO_COMMON_BLOCKS = YES;
				GCC_WARN_64_TO_32_BIT_CONVERSION = YES;
				GCC_WARN_ABOUT_RETURN_TYPE = YES_ERROR;
				GCC_WARN_UNDECLARED_SELECTOR = YES;
				GCC_WARN_UNINITIALIZED_AUTOS = YES_AGGRESSIVE;
				GCC_WARN_UNUSED_FUNCTION = YES;
				GCC_WARN_UNUSED_VARIABLE = YES;
				MTL_ENABLE_DEBUG_INFO = NO;
				MTL_FAST_MATH = YES;
				SDKROOT = iphoneos;
				SWIFT_COMPILATION_MODE = wholemodule;
				SWIFT_OPTIMIZATION_LEVEL = "-O";
				VALIDATE_PRODUCT = YES;
			};
			name = Release;
		};
		32C31F6C281FB39E00212BF1 /* Debug */ = {
			isa = XCBuildConfiguration;
			buildSettings = {
				ASSETCATALOG_COMPILER_COMPLICATION_NAME = Complication;
				CODE_SIGN_STYLE = Automatic;
				CURRENT_PROJECT_VERSION = 1;
				DEVELOPMENT_ASSET_PATHS = "\"DrugReminder WatchKit Extension/Preview Content\"";
				DEVELOPMENT_TEAM = 4B3LS46Z5J;
				ENABLE_PREVIEWS = YES;
				GENERATE_INFOPLIST_FILE = YES;
				INFOPLIST_FILE = "DrugReminder WatchKit Extension/Info.plist";
				INFOPLIST_KEY_CFBundleDisplayName = "DrugReminder WatchKit Extension";
				INFOPLIST_KEY_CLKComplicationPrincipalClass = "$(PRODUCT_MODULE_NAME).ComplicationController";
				INFOPLIST_KEY_NSHumanReadableCopyright = "";
				INFOPLIST_KEY_WKWatchOnly = YES;
				LD_RUNPATH_SEARCH_PATHS = (
					"$(inherited)",
					"@executable_path/Frameworks",
					"@executable_path/../../Frameworks",
				);
				MARKETING_VERSION = 1.0;
				PRODUCT_BUNDLE_IDENTIFIER = com.kamilniemczyk.DrugReminder.watchkitapp.watchkitextension;
				PRODUCT_NAME = "${TARGET_NAME}";
				SDKROOT = watchos;
				SKIP_INSTALL = YES;
				SWIFT_EMIT_LOC_STRINGS = YES;
				SWIFT_VERSION = 5.0;
				TARGETED_DEVICE_FAMILY = 4;
				WATCHOS_DEPLOYMENT_TARGET = 8.5;
			};
			name = Debug;
		};
		32C31F6D281FB39E00212BF1 /* Release */ = {
			isa = XCBuildConfiguration;
			buildSettings = {
				ASSETCATALOG_COMPILER_COMPLICATION_NAME = Complication;
				CODE_SIGN_STYLE = Automatic;
				CURRENT_PROJECT_VERSION = 1;
				DEVELOPMENT_ASSET_PATHS = "\"DrugReminder WatchKit Extension/Preview Content\"";
				DEVELOPMENT_TEAM = 4B3LS46Z5J;
				ENABLE_PREVIEWS = YES;
				GENERATE_INFOPLIST_FILE = YES;
				INFOPLIST_FILE = "DrugReminder WatchKit Extension/Info.plist";
				INFOPLIST_KEY_CFBundleDisplayName = "DrugReminder WatchKit Extension";
				INFOPLIST_KEY_CLKComplicationPrincipalClass = "$(PRODUCT_MODULE_NAME).ComplicationController";
				INFOPLIST_KEY_NSHumanReadableCopyright = "";
				INFOPLIST_KEY_WKWatchOnly = YES;
				LD_RUNPATH_SEARCH_PATHS = (
					"$(inherited)",
					"@executable_path/Frameworks",
					"@executable_path/../../Frameworks",
				);
				MARKETING_VERSION = 1.0;
				PRODUCT_BUNDLE_IDENTIFIER = com.kamilniemczyk.DrugReminder.watchkitapp.watchkitextension;
				PRODUCT_NAME = "${TARGET_NAME}";
				SDKROOT = watchos;
				SKIP_INSTALL = YES;
				SWIFT_EMIT_LOC_STRINGS = YES;
				SWIFT_VERSION = 5.0;
				TARGETED_DEVICE_FAMILY = 4;
				WATCHOS_DEPLOYMENT_TARGET = 8.5;
			};
			name = Release;
		};
		32C31F70281FB39E00212BF1 /* Debug */ = {
			isa = XCBuildConfiguration;
			buildSettings = {
				ALWAYS_EMBED_SWIFT_STANDARD_LIBRARIES = YES;
				ASSETCATALOG_COMPILER_APPICON_NAME = AppIcon;
				ASSETCATALOG_COMPILER_GLOBAL_ACCENT_COLOR_NAME = AccentColor;
				CODE_SIGN_STYLE = Automatic;
				CURRENT_PROJECT_VERSION = 1;
				DEVELOPMENT_TEAM = 4B3LS46Z5J;
				GENERATE_INFOPLIST_FILE = YES;
				IBSC_MODULE = DrugReminder_WatchKit_Extension;
				INFOPLIST_KEY_CFBundleDisplayName = "DrugReminder WatchKit App";
				INFOPLIST_KEY_UISupportedInterfaceOrientations = "UIInterfaceOrientationPortrait UIInterfaceOrientationPortraitUpsideDown";
				MARKETING_VERSION = 1.0;
				PRODUCT_BUNDLE_IDENTIFIER = com.kamilniemczyk.DrugReminder.watchkitapp;
				PRODUCT_NAME = "$(TARGET_NAME)";
				SDKROOT = watchos;
				SKIP_INSTALL = YES;
				SWIFT_EMIT_LOC_STRINGS = YES;
				SWIFT_VERSION = 5.0;
				TARGETED_DEVICE_FAMILY = 4;
				WATCHOS_DEPLOYMENT_TARGET = 8.5;
			};
			name = Debug;
		};
		32C31F71281FB39E00212BF1 /* Release */ = {
			isa = XCBuildConfiguration;
			buildSettings = {
				ALWAYS_EMBED_SWIFT_STANDARD_LIBRARIES = YES;
				ASSETCATALOG_COMPILER_APPICON_NAME = AppIcon;
				ASSETCATALOG_COMPILER_GLOBAL_ACCENT_COLOR_NAME = AccentColor;
				CODE_SIGN_STYLE = Automatic;
				CURRENT_PROJECT_VERSION = 1;
				DEVELOPMENT_TEAM = 4B3LS46Z5J;
				GENERATE_INFOPLIST_FILE = YES;
				IBSC_MODULE = DrugReminder_WatchKit_Extension;
				INFOPLIST_KEY_CFBundleDisplayName = "DrugReminder WatchKit App";
				INFOPLIST_KEY_UISupportedInterfaceOrientations = "UIInterfaceOrientationPortrait UIInterfaceOrientationPortraitUpsideDown";
				MARKETING_VERSION = 1.0;
				PRODUCT_BUNDLE_IDENTIFIER = com.kamilniemczyk.DrugReminder.watchkitapp;
				PRODUCT_NAME = "$(TARGET_NAME)";
				SDKROOT = watchos;
				SKIP_INSTALL = YES;
				SWIFT_EMIT_LOC_STRINGS = YES;
				SWIFT_VERSION = 5.0;
				TARGETED_DEVICE_FAMILY = 4;
				WATCHOS_DEPLOYMENT_TARGET = 8.5;
			};
			name = Release;
		};
		32C31F74281FB39E00212BF1 /* Debug */ = {
			isa = XCBuildConfiguration;
			buildSettings = {
				CODE_SIGN_STYLE = Automatic;
				CURRENT_PROJECT_VERSION = 1;
				DEVELOPMENT_TEAM = 4B3LS46Z5J;
				MARKETING_VERSION = 1.0;
				PRODUCT_BUNDLE_IDENTIFIER = com.kamilniemczyk.DrugReminder;
				PRODUCT_NAME = "$(TARGET_NAME)";
				SWIFT_VERSION = 5.0;
			};
			name = Debug;
		};
		32C31F75281FB39E00212BF1 /* Release */ = {
			isa = XCBuildConfiguration;
			buildSettings = {
				CODE_SIGN_STYLE = Automatic;
				CURRENT_PROJECT_VERSION = 1;
				DEVELOPMENT_TEAM = 4B3LS46Z5J;
				MARKETING_VERSION = 1.0;
				PRODUCT_BUNDLE_IDENTIFIER = com.kamilniemczyk.DrugReminder;
				PRODUCT_NAME = "$(TARGET_NAME)";
				SWIFT_VERSION = 5.0;
			};
			name = Release;
		};
/* End XCBuildConfiguration section */

/* Begin XCConfigurationList section */
		32C31F41281FB39C00212BF1 /* Build configuration list for PBXProject "DrugReminder" */ = {
			isa = XCConfigurationList;
			buildConfigurations = (
				32C31F69281FB39E00212BF1 /* Debug */,
				32C31F6A281FB39E00212BF1 /* Release */,
			);
			defaultConfigurationIsVisible = 0;
			defaultConfigurationName = Release;
		};
		32C31F6B281FB39E00212BF1 /* Build configuration list for PBXNativeTarget "DrugReminder WatchKit Extension" */ = {
			isa = XCConfigurationList;
			buildConfigurations = (
				32C31F6C281FB39E00212BF1 /* Debug */,
				32C31F6D281FB39E00212BF1 /* Release */,
			);
			defaultConfigurationIsVisible = 0;
			defaultConfigurationName = Release;
		};
		32C31F6F281FB39E00212BF1 /* Build configuration list for PBXNativeTarget "DrugReminder WatchKit App" */ = {
			isa = XCConfigurationList;
			buildConfigurations = (
				32C31F70281FB39E00212BF1 /* Debug */,
				32C31F71281FB39E00212BF1 /* Release */,
			);
			defaultConfigurationIsVisible = 0;
			defaultConfigurationName = Release;
		};
		32C31F73281FB39E00212BF1 /* Build configuration list for PBXNativeTarget "DrugReminder" */ = {
			isa = XCConfigurationList;
			buildConfigurations = (
				32C31F74281FB39E00212BF1 /* Debug */,
				32C31F75281FB39E00212BF1 /* Release */,
			);
			defaultConfigurationIsVisible = 0;
			defaultConfigurationName = Release;
		};
/* End XCConfigurationList section */
	};
	rootObject = 32C31F3E281FB39C00212BF1 /* Project object */;
}
